
Microsoft Visual Studio Solution File, Format Version 12.00
# Visual Studio Version 16
VisualStudioVersion = 16.0.29709.97
MinimumVisualStudioVersion = 10.0.40219.1
Project("{FAE04EC0-301F-11D3-BF4B-00C04F79EFBC}") = "zad1", "zad1\zad1.csproj", "{73A1FE88-2F5B-4F71-A7A7-972A8B2334CE}"
EndProject
Project("{FAE04EC0-301F-11D3-BF4B-00C04F79EFBC}") = "zad3", "zad3\zad3.csproj", "{B47664C4-5825-4173-8CDC-C8C8601CC225}"
EndProject
Global
	GlobalSection(SolutionConfigurationPlatforms) = preSolution
		Debug|Any CPU = Debug|Any CPU
		Release|Any CPU = Release|Any CPU
	EndGlobalSection
	GlobalSection(ProjectConfigurationPlatforms) = postSolution
		{73A1FE88-2F5B-4F71-A7A7-972A8B2334CE}.Debug|Any CPU.ActiveCfg = Debug|Any CPU
		{73A1FE88-2F5B-4F71-A7A7-972A8B2334CE}.Debug|Any CPU.Build.0 = Debug|Any CPU
		{73A1FE88-2F5B-4F71-A7A7-972A8B2334CE}.Release|Any CPU.ActiveCfg = Release|Any CPU
		{73A1FE88-2F5B-4F71-A7A7-972A8B2334CE}.Release|Any CPU.Build.0 = Release|Any CPU
		{B47664C4-5825-4173-8CDC-C8C8601CC225}.Debug|Any CPU.ActiveCfg = Debug|Any CPU
		{B47664C4-5825-4173-8CDC-C8C8601CC225}.Debug|Any CPU.Build.0 = Debug|Any CPU
		{B47664C4-5825-4173-8CDC-C8C8601CC225}.Release|Any CPU.ActiveCfg = Release|Any CPU
		{B47664C4-5825-4173-8CDC-C8C8601CC225}.Release|Any CPU.Build.0 = Release|Any CPU
	EndGlobalSection
	GlobalSection(SolutionProperties) = preSolution
		HideSolutionNode = FALSE
	EndGlobalSection
	GlobalSection(ExtensibilityGlobals) = postSolution
		SolutionGuid = {0C44C4A5-E65E-4345-A975-9C0D02E55CFF}
	EndGlobalSection
EndGlobal
