
Microsoft Visual Studio Solution File, Format Version 12.00
# Visual Studio Version 16
VisualStudioVersion = 16.0.29709.97
MinimumVisualStudioVersion = 10.0.40219.1
Project("{FAE04EC0-301F-11D3-BF4B-00C04F79EFBC}") = "zad1", "zad1\zad1.csproj", "{5CFEBBA0-33DC-47A5-A6DC-557C9BDB3E93}"
EndProject
Project("{FAE04EC0-301F-11D3-BF4B-00C04F79EFBC}") = "zad2", "zad2\zad2.csproj", "{7AF4A87B-0808-434A-A17F-89CB651FE4F5}"
EndProject
Project("{FAE04EC0-301F-11D3-BF4B-00C04F79EFBC}") = "zad3", "zad3\zad3.csproj", "{56EAB642-C6D7-40A8-9059-6E3FE54F098A}"
EndProject
Project("{FAE04EC0-301F-11D3-BF4B-00C04F79EFBC}") = "zad4", "zad4\zad4.csproj", "{A65D53EC-0184-43D0-8EF9-F9F614047907}"
EndProject
Project("{FAE04EC0-301F-11D3-BF4B-00C04F79EFBC}") = "zad5", "zad5\zad5.csproj", "{C2B84015-7AD2-449F-9C10-CE7086C8FB4A}"
EndProject
Project("{FAE04EC0-301F-11D3-BF4B-00C04F79EFBC}") = "zad6", "zad6\zad6.csproj", "{66FF7462-3FB0-4EFB-94FC-786F313D9075}"
EndProject
Project("{FAE04EC0-301F-11D3-BF4B-00C04F79EFBC}") = "zad7", "zad8\zad7.csproj", "{6CB5F6F8-BFF7-48D5-95FB-D0D940C605A4}"
EndProject
Project("{FAE04EC0-301F-11D3-BF4B-00C04F79EFBC}") = "zad8", "zad9\zad8.csproj", "{CD9CAA9F-B3CE-4A6B-BB54-238C4F74205F}"
EndProject
Global
	GlobalSection(SolutionConfigurationPlatforms) = preSolution
		Debug|Any CPU = Debug|Any CPU
		Release|Any CPU = Release|Any CPU
	EndGlobalSection
	GlobalSection(ProjectConfigurationPlatforms) = postSolution
		{5CFEBBA0-33DC-47A5-A6DC-557C9BDB3E93}.Debug|Any CPU.ActiveCfg = Debug|Any CPU
		{5CFEBBA0-33DC-47A5-A6DC-557C9BDB3E93}.Debug|Any CPU.Build.0 = Debug|Any CPU
		{5CFEBBA0-33DC-47A5-A6DC-557C9BDB3E93}.Release|Any CPU.ActiveCfg = Release|Any CPU
		{5CFEBBA0-33DC-47A5-A6DC-557C9BDB3E93}.Release|Any CPU.Build.0 = Release|Any CPU
		{7AF4A87B-0808-434A-A17F-89CB651FE4F5}.Debug|Any CPU.ActiveCfg = Debug|Any CPU
		{7AF4A87B-0808-434A-A17F-89CB651FE4F5}.Debug|Any CPU.Build.0 = Debug|Any CPU
		{7AF4A87B-0808-434A-A17F-89CB651FE4F5}.Release|Any CPU.ActiveCfg = Release|Any CPU
		{7AF4A87B-0808-434A-A17F-89CB651FE4F5}.Release|Any CPU.Build.0 = Release|Any CPU
		{56EAB642-C6D7-40A8-9059-6E3FE54F098A}.Debug|Any CPU.ActiveCfg = Debug|Any CPU
		{56EAB642-C6D7-40A8-9059-6E3FE54F098A}.Debug|Any CPU.Build.0 = Debug|Any CPU
		{56EAB642-C6D7-40A8-9059-6E3FE54F098A}.Release|Any CPU.ActiveCfg = Release|Any CPU
		{56EAB642-C6D7-40A8-9059-6E3FE54F098A}.Release|Any CPU.Build.0 = Release|Any CPU
		{A65D53EC-0184-43D0-8EF9-F9F614047907}.Debug|Any CPU.ActiveCfg = Debug|Any CPU
		{A65D53EC-0184-43D0-8EF9-F9F614047907}.Debug|Any CPU.Build.0 = Debug|Any CPU
		{A65D53EC-0184-43D0-8EF9-F9F614047907}.Release|Any CPU.ActiveCfg = Release|Any CPU
		{A65D53EC-0184-43D0-8EF9-F9F614047907}.Release|Any CPU.Build.0 = Release|Any CPU
		{C2B84015-7AD2-449F-9C10-CE7086C8FB4A}.Debug|Any CPU.ActiveCfg = Debug|Any CPU
		{C2B84015-7AD2-449F-9C10-CE7086C8FB4A}.Debug|Any CPU.Build.0 = Debug|Any CPU
		{C2B84015-7AD2-449F-9C10-CE7086C8FB4A}.Release|Any CPU.ActiveCfg = Release|Any CPU
		{C2B84015-7AD2-449F-9C10-CE7086C8FB4A}.Release|Any CPU.Build.0 = Release|Any CPU
		{66FF7462-3FB0-4EFB-94FC-786F313D9075}.Debug|Any CPU.ActiveCfg = Debug|Any CPU
		{66FF7462-3FB0-4EFB-94FC-786F313D9075}.Debug|Any CPU.Build.0 = Debug|Any CPU
		{66FF7462-3FB0-4EFB-94FC-786F313D9075}.Release|Any CPU.ActiveCfg = Release|Any CPU
		{66FF7462-3FB0-4EFB-94FC-786F313D9075}.Release|Any CPU.Build.0 = Release|Any CPU
		{6CB5F6F8-BFF7-48D5-95FB-D0D940C605A4}.Debug|Any CPU.ActiveCfg = Debug|Any CPU
		{6CB5F6F8-BFF7-48D5-95FB-D0D940C605A4}.Debug|Any CPU.Build.0 = Debug|Any CPU
		{6CB5F6F8-BFF7-48D5-95FB-D0D940C605A4}.Release|Any CPU.ActiveCfg = Release|Any CPU
		{6CB5F6F8-BFF7-48D5-95FB-D0D940C605A4}.Release|Any CPU.Build.0 = Release|Any CPU
		{CD9CAA9F-B3CE-4A6B-BB54-238C4F74205F}.Debug|Any CPU.ActiveCfg = Debug|Any CPU
		{CD9CAA9F-B3CE-4A6B-BB54-238C4F74205F}.Debug|Any CPU.Build.0 = Debug|Any CPU
		{CD9CAA9F-B3CE-4A6B-BB54-238C4F74205F}.Release|Any CPU.ActiveCfg = Release|Any CPU
		{CD9CAA9F-B3CE-4A6B-BB54-238C4F74205F}.Release|Any CPU.Build.0 = Release|Any CPU
	EndGlobalSection
	GlobalSection(SolutionProperties) = preSolution
		HideSolutionNode = FALSE
	EndGlobalSection
	GlobalSection(ExtensibilityGlobals) = postSolution
		SolutionGuid = {16821EE9-510F-43D9-B7AD-481FC4D01257}
	EndGlobalSection
EndGlobal
