
Microsoft Visual Studio Solution File, Format Version 12.00
# Visual Studio Version 16
VisualStudioVersion = 16.0.29709.97
MinimumVisualStudioVersion = 10.0.40219.1
Project("{FAE04EC0-301F-11D3-BF4B-00C04F79EFBC}") = "zad1", "zad1\zad1.csproj", "{6F78AE10-A1CC-4650-955B-52740D626D6A}"
EndProject
Project("{FAE04EC0-301F-11D3-BF4B-00C04F79EFBC}") = "zad2", "zad2\zad2.csproj", "{249B0EAC-EE0B-44A0-B4AC-9AB31F547796}"
EndProject
Project("{FAE04EC0-301F-11D3-BF4B-00C04F79EFBC}") = "zad3", "zad3\zad3.csproj", "{114A1A10-666B-4873-83DA-72D634A302D9}"
EndProject
Project("{FAE04EC0-301F-11D3-BF4B-00C04F79EFBC}") = "zad4", "zad4\zad4.csproj", "{ACBE6CAE-06AE-4601-ADE7-397FE9CA187A}"
EndProject
Project("{FAE04EC0-301F-11D3-BF4B-00C04F79EFBC}") = "zad5", "zad5\zad5.csproj", "{9DF8792E-734C-4929-85D5-5801C8C7500B}"
EndProject
Global
	GlobalSection(SolutionConfigurationPlatforms) = preSolution
		Debug|Any CPU = Debug|Any CPU
		Release|Any CPU = Release|Any CPU
	EndGlobalSection
	GlobalSection(ProjectConfigurationPlatforms) = postSolution
		{6F78AE10-A1CC-4650-955B-52740D626D6A}.Debug|Any CPU.ActiveCfg = Debug|Any CPU
		{6F78AE10-A1CC-4650-955B-52740D626D6A}.Debug|Any CPU.Build.0 = Debug|Any CPU
		{6F78AE10-A1CC-4650-955B-52740D626D6A}.Release|Any CPU.ActiveCfg = Release|Any CPU
		{6F78AE10-A1CC-4650-955B-52740D626D6A}.Release|Any CPU.Build.0 = Release|Any CPU
		{249B0EAC-EE0B-44A0-B4AC-9AB31F547796}.Debug|Any CPU.ActiveCfg = Debug|Any CPU
		{249B0EAC-EE0B-44A0-B4AC-9AB31F547796}.Debug|Any CPU.Build.0 = Debug|Any CPU
		{249B0EAC-EE0B-44A0-B4AC-9AB31F547796}.Release|Any CPU.ActiveCfg = Release|Any CPU
		{249B0EAC-EE0B-44A0-B4AC-9AB31F547796}.Release|Any CPU.Build.0 = Release|Any CPU
		{114A1A10-666B-4873-83DA-72D634A302D9}.Debug|Any CPU.ActiveCfg = Debug|Any CPU
		{114A1A10-666B-4873-83DA-72D634A302D9}.Debug|Any CPU.Build.0 = Debug|Any CPU
		{114A1A10-666B-4873-83DA-72D634A302D9}.Release|Any CPU.ActiveCfg = Release|Any CPU
		{114A1A10-666B-4873-83DA-72D634A302D9}.Release|Any CPU.Build.0 = Release|Any CPU
		{ACBE6CAE-06AE-4601-ADE7-397FE9CA187A}.Debug|Any CPU.ActiveCfg = Debug|Any CPU
		{ACBE6CAE-06AE-4601-ADE7-397FE9CA187A}.Debug|Any CPU.Build.0 = Debug|Any CPU
		{ACBE6CAE-06AE-4601-ADE7-397FE9CA187A}.Release|Any CPU.ActiveCfg = Release|Any CPU
		{ACBE6CAE-06AE-4601-ADE7-397FE9CA187A}.Release|Any CPU.Build.0 = Release|Any CPU
		{9DF8792E-734C-4929-85D5-5801C8C7500B}.Debug|Any CPU.ActiveCfg = Debug|Any CPU
		{9DF8792E-734C-4929-85D5-5801C8C7500B}.Debug|Any CPU.Build.0 = Debug|Any CPU
		{9DF8792E-734C-4929-85D5-5801C8C7500B}.Release|Any CPU.ActiveCfg = Release|Any CPU
		{9DF8792E-734C-4929-85D5-5801C8C7500B}.Release|Any CPU.Build.0 = Release|Any CPU
	EndGlobalSection
	GlobalSection(SolutionProperties) = preSolution
		HideSolutionNode = FALSE
	EndGlobalSection
	GlobalSection(ExtensibilityGlobals) = postSolution
		SolutionGuid = {1F42E884-CCEE-4117-84FD-B4B52F95B4D2}
	EndGlobalSection
EndGlobal
