
Microsoft Visual Studio Solution File, Format Version 12.00
# Visual Studio Version 16
VisualStudioVersion = 16.0.29709.97
MinimumVisualStudioVersion = 10.0.40219.1
Project("{FAE04EC0-301F-11D3-BF4B-00C04F79EFBC}") = "zad1 31.03", "zad1 31.03\zad1 31.03.csproj", "{68282220-BC56-4F01-809A-E921681CCF83}"
EndProject
Global
	GlobalSection(SolutionConfigurationPlatforms) = preSolution
		Debug|Any CPU = Debug|Any CPU
		Release|Any CPU = Release|Any CPU
	EndGlobalSection
	GlobalSection(ProjectConfigurationPlatforms) = postSolution
		{68282220-BC56-4F01-809A-E921681CCF83}.Debug|Any CPU.ActiveCfg = Debug|Any CPU
		{68282220-BC56-4F01-809A-E921681CCF83}.Debug|Any CPU.Build.0 = Debug|Any CPU
		{68282220-BC56-4F01-809A-E921681CCF83}.Release|Any CPU.ActiveCfg = Release|Any CPU
		{68282220-BC56-4F01-809A-E921681CCF83}.Release|Any CPU.Build.0 = Release|Any CPU
	EndGlobalSection
	GlobalSection(SolutionProperties) = preSolution
		HideSolutionNode = FALSE
	EndGlobalSection
	GlobalSection(ExtensibilityGlobals) = postSolution
		SolutionGuid = {A68E6797-5E0E-44CD-8051-E1D100C9670D}
	EndGlobalSection
EndGlobal
