
Microsoft Visual Studio Solution File, Format Version 12.00
# Visual Studio Version 16
VisualStudioVersion = 16.0.29709.97
MinimumVisualStudioVersion = 10.0.40219.1
Project("{FAE04EC0-301F-11D3-BF4B-00C04F79EFBC}") = "zad1", "zad1\zad1.csproj", "{0F52761B-D498-496D-BE99-26D911120338}"
EndProject
Project("{FAE04EC0-301F-11D3-BF4B-00C04F79EFBC}") = "zad2", "zad2\zad2.csproj", "{3CDCF244-4FAA-4A5A-BF9A-F9CBDCD35330}"
EndProject
Project("{FAE04EC0-301F-11D3-BF4B-00C04F79EFBC}") = "zad3", "zad3\zad3.csproj", "{BB56C72A-368B-4D8C-B93B-08678A5DEBE0}"
EndProject
Global
	GlobalSection(SolutionConfigurationPlatforms) = preSolution
		Debug|Any CPU = Debug|Any CPU
		Release|Any CPU = Release|Any CPU
	EndGlobalSection
	GlobalSection(ProjectConfigurationPlatforms) = postSolution
		{0F52761B-D498-496D-BE99-26D911120338}.Debug|Any CPU.ActiveCfg = Debug|Any CPU
		{0F52761B-D498-496D-BE99-26D911120338}.Debug|Any CPU.Build.0 = Debug|Any CPU
		{0F52761B-D498-496D-BE99-26D911120338}.Release|Any CPU.ActiveCfg = Release|Any CPU
		{0F52761B-D498-496D-BE99-26D911120338}.Release|Any CPU.Build.0 = Release|Any CPU
		{3CDCF244-4FAA-4A5A-BF9A-F9CBDCD35330}.Debug|Any CPU.ActiveCfg = Debug|Any CPU
		{3CDCF244-4FAA-4A5A-BF9A-F9CBDCD35330}.Debug|Any CPU.Build.0 = Debug|Any CPU
		{3CDCF244-4FAA-4A5A-BF9A-F9CBDCD35330}.Release|Any CPU.ActiveCfg = Release|Any CPU
		{3CDCF244-4FAA-4A5A-BF9A-F9CBDCD35330}.Release|Any CPU.Build.0 = Release|Any CPU
		{BB56C72A-368B-4D8C-B93B-08678A5DEBE0}.Debug|Any CPU.ActiveCfg = Debug|Any CPU
		{BB56C72A-368B-4D8C-B93B-08678A5DEBE0}.Debug|Any CPU.Build.0 = Debug|Any CPU
		{BB56C72A-368B-4D8C-B93B-08678A5DEBE0}.Release|Any CPU.ActiveCfg = Release|Any CPU
		{BB56C72A-368B-4D8C-B93B-08678A5DEBE0}.Release|Any CPU.Build.0 = Release|Any CPU
	EndGlobalSection
	GlobalSection(SolutionProperties) = preSolution
		HideSolutionNode = FALSE
	EndGlobalSection
	GlobalSection(ExtensibilityGlobals) = postSolution
		SolutionGuid = {ADE569C6-6BBF-44B1-BE8D-CA4850063B41}
	EndGlobalSection
EndGlobal
