
Microsoft Visual Studio Solution File, Format Version 12.00
# Visual Studio Version 16
VisualStudioVersion = 16.0.29709.97
MinimumVisualStudioVersion = 10.0.40219.1
Project("{FAE04EC0-301F-11D3-BF4B-00C04F79EFBC}") = "zad1", "zad1\zad1.csproj", "{A9087F3C-962A-4125-8495-8B911826C8CF}"
EndProject
Global
	GlobalSection(SolutionConfigurationPlatforms) = preSolution
		Debug|Any CPU = Debug|Any CPU
		Release|Any CPU = Release|Any CPU
	EndGlobalSection
	GlobalSection(ProjectConfigurationPlatforms) = postSolution
		{A9087F3C-962A-4125-8495-8B911826C8CF}.Debug|Any CPU.ActiveCfg = Debug|Any CPU
		{A9087F3C-962A-4125-8495-8B911826C8CF}.Debug|Any CPU.Build.0 = Debug|Any CPU
		{A9087F3C-962A-4125-8495-8B911826C8CF}.Release|Any CPU.ActiveCfg = Release|Any CPU
		{A9087F3C-962A-4125-8495-8B911826C8CF}.Release|Any CPU.Build.0 = Release|Any CPU
	EndGlobalSection
	GlobalSection(SolutionProperties) = preSolution
		HideSolutionNode = FALSE
	EndGlobalSection
	GlobalSection(ExtensibilityGlobals) = postSolution
		SolutionGuid = {0F4A89D0-5CE5-4C2C-9D61-01A4C45B8764}
	EndGlobalSection
EndGlobal
